
Microsoft Visual Studio Solution File, Format Version 11.00
# Visual Studio 2010
Project("{FAE04EC0-301F-11D3-BF4B-00C04F79EFBC}") = "Unity.2D.Tilemap.Extras", "Unity.2D.Tilemap.Extras.csproj", "{CD26088F-33F8-4857-5C53-D80E8ECFC8EF}"
EndProject
Project("{FAE04EC0-301F-11D3-BF4B-00C04F79EFBC}") = "Unity.2D.Tilemap.Extras.Editor", "Unity.2D.Tilemap.Extras.Editor.csproj", "{E0912C5E-1C0E-8BE7-3FA5-1D2DA9E2E05A}"
EndProject
Global
	GlobalSection(SolutionConfigurationPlatforms) = preSolution
		Debug|Any CPU = Debug|Any CPU
		Release|Any CPU = Release|Any CPU
	EndGlobalSection
	GlobalSection(ProjectConfigurationPlatforms) = postSolution
		{CD26088F-33F8-4857-5C53-D80E8ECFC8EF}.Debug|Any CPU.ActiveCfg = Debug|Any CPU
		{CD26088F-33F8-4857-5C53-D80E8ECFC8EF}.Debug|Any CPU.Build.0 = Debug|Any CPU
		{CD26088F-33F8-4857-5C53-D80E8ECFC8EF}.Release|Any CPU.ActiveCfg = Release|Any CPU
		{CD26088F-33F8-4857-5C53-D80E8ECFC8EF}.Release|Any CPU.Build.0 = Release|Any CPU
		{E0912C5E-1C0E-8BE7-3FA5-1D2DA9E2E05A}.Debug|Any CPU.ActiveCfg = Debug|Any CPU
		{E0912C5E-1C0E-8BE7-3FA5-1D2DA9E2E05A}.Debug|Any CPU.Build.0 = Debug|Any CPU
		{E0912C5E-1C0E-8BE7-3FA5-1D2DA9E2E05A}.Release|Any CPU.ActiveCfg = Release|Any CPU
		{E0912C5E-1C0E-8BE7-3FA5-1D2DA9E2E05A}.Release|Any CPU.Build.0 = Release|Any CPU
	EndGlobalSection
	GlobalSection(SolutionProperties) = preSolution
		HideSolutionNode = FALSE
	EndGlobalSection
EndGlobal
